PODS:
  - Capacitor (8.4.1):
    - CapacitorCordova
  - CapacitorCordova (8.4.1)
  - MSAL (1.7.0):
    - MSAL/app-lib (= 1.7.0)
  - MSAL/app-lib (1.7.0)

DEPENDENCIES:
  - "Capacitor (from `../node_modules/@capacitor/ios`)"
  - "CapacitorCordova (from `../node_modules/@capacitor/ios`)"
  - MSAL

SPEC REPOS:
  trunk:
    - MSAL

EXTERNAL SOURCES:
  Capacitor:
    :path: "../node_modules/@capacitor/ios"
  CapacitorCordova:
    :path: "../node_modules/@capacitor/ios"

SPEC CHECKSUMS:
  Capacitor: 35242afe195b1e53c58ca1b827d1b444c5e6602b
  CapacitorCordova: eebe6bcf807b1b06f3f48237650f96bbcd0eef09
  MSAL: 088bc688c1ce1a62f0d9c13905ddb31f8f1ac700

PODFILE CHECKSUM: 8055bb1627d9f00d83e2e194e48db1a08e6007ac

COCOAPODS: 1.16.2
